
Microsoft Visual Studio Solution File, Format Version 12.00
# Visual Studio Version 17
VisualStudioVersion = 17.8.34322.80
MinimumVisualStudioVersion = 10.0.40219.1
Project("{FAE04EC0-301F-11D3-BF4B-00C04F79EFBC}") = "ConsoleApp1", "ConsoleApp1\ConsoleApp1.csproj", "{D3EAC2D1-3B6D-4F9C-8197-FBC648A05772}"
EndProject
Global
	GlobalSection(SolutionConfigurationPlatforms) = preSolution
		Debug|Any CPU = Debug|Any CPU
		Release|Any CPU = Release|Any CPU
	EndGlobalSection
	GlobalSection(ProjectConfigurationPlatforms) = postSolution
		{D3EAC2D1-3B6D-4F9C-8197-FBC648A05772}.Debug|Any CPU.ActiveCfg = Debug|Any CPU
		{D3EAC2D1-3B6D-4F9C-8197-FBC648A05772}.Debug|Any CPU.Build.0 = Debug|Any CPU
		{D3EAC2D1-3B6D-4F9C-8197-FBC648A05772}.Release|Any CPU.ActiveCfg = Release|Any CPU
		{D3EAC2D1-3B6D-4F9C-8197-FBC648A05772}.Release|Any CPU.Build.0 = Release|Any CPU
	EndGlobalSection
	GlobalSection(SolutionProperties) = preSolution
		HideSolutionNode = FALSE
	EndGlobalSection
	GlobalSection(ExtensibilityGlobals) = postSolution
		SolutionGuid = {E980FAB7-3A49-4DEA-AAF3-3D80A15E2793}
	EndGlobalSection
EndGlobal
